
Microsoft Visual Studio Solution File, Format Version 12.00
# Visual Studio 15
VisualStudioVersion = 15.0.27703.2042
MinimumVisualStudioVersion = 10.0.40219.1
Project("{FAE04EC0-301F-11D3-BF4B-00C04F79EFBC}") = "GmailDownloader", "GmailDownloader\GmailDownloader.csproj", "{DFFFA03E-610D-460E-8040-C342F0F1980A}"
EndProject
Global
	GlobalSection(SolutionConfigurationPlatforms) = preSolution
		Debug|Any CPU = Debug|Any CPU
		Release|Any CPU = Release|Any CPU
	EndGlobalSection
	GlobalSection(ProjectConfigurationPlatforms) = postSolution
		{DFFFA03E-610D-460E-8040-C342F0F1980A}.Debug|Any CPU.ActiveCfg = Debug|Any CPU
		{DFFFA03E-610D-460E-8040-C342F0F1980A}.Debug|Any CPU.Build.0 = Debug|Any CPU
		{DFFFA03E-610D-460E-8040-C342F0F1980A}.Release|Any CPU.ActiveCfg = Release|Any CPU
		{DFFFA03E-610D-460E-8040-C342F0F1980A}.Release|Any CPU.Build.0 = Release|Any CPU
	EndGlobalSection
	GlobalSection(SolutionProperties) = preSolution
		HideSolutionNode = FALSE
	EndGlobalSection
	GlobalSection(ExtensibilityGlobals) = postSolution
		SolutionGuid = {C4D03C1F-6367-47DC-A492-85C1DD7209D9}
	EndGlobalSection
EndGlobal
